
Microsoft Visual Studio Solution File, Format Version 12.00
# Visual Studio 15
VisualStudioVersion = 15.0.27004.2005
MinimumVisualStudioVersion = 10.0.40219.1
Project("{FAE04EC0-301F-11D3-BF4B-00C04F79EFBC}") = "Razorpost", "Razorpost\Razorpost.csproj", "{CED8E792-59C9-42F3-A402-20DC8D6597DF}"
EndProject
Global
	GlobalSection(SolutionConfigurationPlatforms) = preSolution
		Debug|Any CPU = Debug|Any CPU
		Release|Any CPU = Release|Any CPU
	EndGlobalSection
	GlobalSection(ProjectConfigurationPlatforms) = postSolution
		{CED8E792-59C9-42F3-A402-20DC8D6597DF}.Debug|Any CPU.ActiveCfg = Debug|Any CPU
		{CED8E792-59C9-42F3-A402-20DC8D6597DF}.Debug|Any CPU.Build.0 = Debug|Any CPU
		{CED8E792-59C9-42F3-A402-20DC8D6597DF}.Release|Any CPU.ActiveCfg = Release|Any CPU
		{CED8E792-59C9-42F3-A402-20DC8D6597DF}.Release|Any CPU.Build.0 = Release|Any CPU
	EndGlobalSection
	GlobalSection(SolutionProperties) = preSolution
		HideSolutionNode = FALSE
	EndGlobalSection
	GlobalSection(ExtensibilityGlobals) = postSolution
		SolutionGuid = {CBDA4918-5E68-4CBC-AE50-7180D70B3BF6}
	EndGlobalSection
EndGlobal
